
Microsoft Visual Studio Solution File, Format Version 12.00
# Visual Studio Version 16
VisualStudioVersion = 16.0.29806.167
MinimumVisualStudioVersion = 10.0.40219.1
Project("{2150E333-8FDC-42A3-9474-1A3956D46DE8}") = "Common", "Common", "{9CDD2996-9646-4AFB-87A1-07C76AD7F5E0}"
EndProject
Project("{2150E333-8FDC-42A3-9474-1A3956D46DE8}") = "Services", "Services", "{3C92F969-7D3C-49D3-8610-A834F31A9534}"
EndProject
Project("{2150E333-8FDC-42A3-9474-1A3956D46DE8}") = "UI", "UI", "{B491CA8E-B7EB-4BA8-B527-75D1FACC77B2}"
EndProject
Project("{9A19103F-16F7-4668-BE54-9A1E7A4F7556}") = "WebStore", "UI\WebStore\WebStore.csproj", "{9518AC86-F770-4CE7-B6C5-BF6A6D03E395}"
EndProject
Project("{9A19103F-16F7-4668-BE54-9A1E7A4F7556}") = "WebStore.DAL", "Services\WebStore.DAL\WebStore.DAL.csproj", "{6A30B433-29EA-4FA0-91C8-A1F139D8B47E}"
EndProject
Project("{9A19103F-16F7-4668-BE54-9A1E7A4F7556}") = "WebStore.Domian", "Common\WebStore.Domian\WebStore.Domian.csproj", "{0E879825-D58C-43EB-97B3-C27EC96752F9}"
EndProject
Project("{2150E333-8FDC-42A3-9474-1A3956D46DE8}") = ".Service", ".Service", "{230D28EB-CD5B-4AF5-813C-6D984456B6A1}"
	ProjectSection(SolutionItems) = preProject
		.gitignore = .gitignore
	EndProjectSection
EndProject
Project("{9A19103F-16F7-4668-BE54-9A1E7A4F7556}") = "WebStore.Services", "Services\WebStore.Services\WebStore.Services.csproj", "{03490AFE-CBFF-46E7-AECD-4DF7B3A92810}"
EndProject
Project("{9A19103F-16F7-4668-BE54-9A1E7A4F7556}") = "WebStore.Interfaces", "Services\WebStore.Interfaces\WebStore.Interfaces.csproj", "{2040CD11-E46E-466C-8FC7-7719C414ED47}"
EndProject
Project("{9A19103F-16F7-4668-BE54-9A1E7A4F7556}") = "WebStore.ServiceHosting", "Services\WebStore.ServiceHosting\WebStore.ServiceHosting.csproj", "{B4A22FD9-42E0-4E6B-9F5A-DCD707E33ACB}"
EndProject
Project("{9A19103F-16F7-4668-BE54-9A1E7A4F7556}") = "WebStore.Clients", "Services\WebStore.Clients\WebStore.Clients.csproj", "{F70A43FD-58F9-4C27-825F-E61B15BE3F69}"
EndProject
Project("{9A19103F-16F7-4668-BE54-9A1E7A4F7556}") = "WebStore.Logger", "WebStore.Logger\WebStore.Logger.csproj", "{24937878-FC52-45D7-8AF9-D34DD2A71FEB}"
EndProject
Project("{2150E333-8FDC-42A3-9474-1A3956D46DE8}") = "Tests", "Tests", "{A0A2B605-EDAB-4F47-A247-E7A9F29AFA0E}"
EndProject
Project("{FAE04EC0-301F-11D3-BF4B-00C04F79EFBC}") = "WebStore.Tests", "Tests\WebStore.Tests\WebStore.Tests.csproj", "{A97EF4A8-958A-4EFB-8CB0-01DAE994B71E}"
EndProject
Project("{FAE04EC0-301F-11D3-BF4B-00C04F79EFBC}") = "WebStore.Services.Tests", "WebStore.Services.Tests\WebStore.Services.Tests.csproj", "{6CCB2C28-F8C1-4AB5-91F5-9EFC0C6F8327}"
EndProject
Global
	GlobalSection(SolutionConfigurationPlatforms) = preSolution
		Debug|Any CPU = Debug|Any CPU
		Release|Any CPU = Release|Any CPU
	EndGlobalSection
	GlobalSection(ProjectConfigurationPlatforms) = postSolution
		{9518AC86-F770-4CE7-B6C5-BF6A6D03E395}.Debug|Any CPU.ActiveCfg = Debug|Any CPU
		{9518AC86-F770-4CE7-B6C5-BF6A6D03E395}.Debug|Any CPU.Build.0 = Debug|Any CPU
		{9518AC86-F770-4CE7-B6C5-BF6A6D03E395}.Release|Any CPU.ActiveCfg = Release|Any CPU
		{9518AC86-F770-4CE7-B6C5-BF6A6D03E395}.Release|Any CPU.Build.0 = Release|Any CPU
		{6A30B433-29EA-4FA0-91C8-A1F139D8B47E}.Debug|Any CPU.ActiveCfg = Debug|Any CPU
		{6A30B433-29EA-4FA0-91C8-A1F139D8B47E}.Debug|Any CPU.Build.0 = Debug|Any CPU
		{6A30B433-29EA-4FA0-91C8-A1F139D8B47E}.Release|Any CPU.ActiveCfg = Release|Any CPU
		{6A30B433-29EA-4FA0-91C8-A1F139D8B47E}.Release|Any CPU.Build.0 = Release|Any CPU
		{0E879825-D58C-43EB-97B3-C27EC96752F9}.Debug|Any CPU.ActiveCfg = Debug|Any CPU
		{0E879825-D58C-43EB-97B3-C27EC96752F9}.Debug|Any CPU.Build.0 = Debug|Any CPU
		{0E879825-D58C-43EB-97B3-C27EC96752F9}.Release|Any CPU.ActiveCfg = Release|Any CPU
		{0E879825-D58C-43EB-97B3-C27EC96752F9}.Release|Any CPU.Build.0 = Release|Any CPU
		{03490AFE-CBFF-46E7-AECD-4DF7B3A92810}.Debug|Any CPU.ActiveCfg = Debug|Any CPU
		{03490AFE-CBFF-46E7-AECD-4DF7B3A92810}.Debug|Any CPU.Build.0 = Debug|Any CPU
		{03490AFE-CBFF-46E7-AECD-4DF7B3A92810}.Release|Any CPU.ActiveCfg = Release|Any CPU
		{03490AFE-CBFF-46E7-AECD-4DF7B3A92810}.Release|Any CPU.Build.0 = Release|Any CPU
		{2040CD11-E46E-466C-8FC7-7719C414ED47}.Debug|Any CPU.ActiveCfg = Debug|Any CPU
		{2040CD11-E46E-466C-8FC7-7719C414ED47}.Debug|Any CPU.Build.0 = Debug|Any CPU
		{2040CD11-E46E-466C-8FC7-7719C414ED47}.Release|Any CPU.ActiveCfg = Release|Any CPU
		{2040CD11-E46E-466C-8FC7-7719C414ED47}.Release|Any CPU.Build.0 = Release|Any CPU
		{B4A22FD9-42E0-4E6B-9F5A-DCD707E33ACB}.Debug|Any CPU.ActiveCfg = Debug|Any CPU
		{B4A22FD9-42E0-4E6B-9F5A-DCD707E33ACB}.Debug|Any CPU.Build.0 = Debug|Any CPU
		{B4A22FD9-42E0-4E6B-9F5A-DCD707E33ACB}.Release|Any CPU.ActiveCfg = Release|Any CPU
		{B4A22FD9-42E0-4E6B-9F5A-DCD707E33ACB}.Release|Any CPU.Build.0 = Release|Any CPU
		{F70A43FD-58F9-4C27-825F-E61B15BE3F69}.Debug|Any CPU.ActiveCfg = Debug|Any CPU
		{F70A43FD-58F9-4C27-825F-E61B15BE3F69}.Debug|Any CPU.Build.0 = Debug|Any CPU
		{F70A43FD-58F9-4C27-825F-E61B15BE3F69}.Release|Any CPU.ActiveCfg = Release|Any CPU
		{F70A43FD-58F9-4C27-825F-E61B15BE3F69}.Release|Any CPU.Build.0 = Release|Any CPU
		{24937878-FC52-45D7-8AF9-D34DD2A71FEB}.Debug|Any CPU.ActiveCfg = Debug|Any CPU
		{24937878-FC52-45D7-8AF9-D34DD2A71FEB}.Debug|Any CPU.Build.0 = Debug|Any CPU
		{24937878-FC52-45D7-8AF9-D34DD2A71FEB}.Release|Any CPU.ActiveCfg = Release|Any CPU
		{24937878-FC52-45D7-8AF9-D34DD2A71FEB}.Release|Any CPU.Build.0 = Release|Any CPU
		{A97EF4A8-958A-4EFB-8CB0-01DAE994B71E}.Debug|Any CPU.ActiveCfg = Debug|Any CPU
		{A97EF4A8-958A-4EFB-8CB0-01DAE994B71E}.Debug|Any CPU.Build.0 = Debug|Any CPU
		{A97EF4A8-958A-4EFB-8CB0-01DAE994B71E}.Release|Any CPU.ActiveCfg = Release|Any CPU
		{A97EF4A8-958A-4EFB-8CB0-01DAE994B71E}.Release|Any CPU.Build.0 = Release|Any CPU
		{6CCB2C28-F8C1-4AB5-91F5-9EFC0C6F8327}.Debug|Any CPU.ActiveCfg = Debug|Any CPU
		{6CCB2C28-F8C1-4AB5-91F5-9EFC0C6F8327}.Debug|Any CPU.Build.0 = Debug|Any CPU
		{6CCB2C28-F8C1-4AB5-91F5-9EFC0C6F8327}.Release|Any CPU.ActiveCfg = Release|Any CPU
		{6CCB2C28-F8C1-4AB5-91F5-9EFC0C6F8327}.Release|Any CPU.Build.0 = Release|Any CPU
	EndGlobalSection
	GlobalSection(SolutionProperties) = preSolution
		HideSolutionNode = FALSE
	EndGlobalSection
	GlobalSection(NestedProjects) = preSolution
		{9518AC86-F770-4CE7-B6C5-BF6A6D03E395} = {B491CA8E-B7EB-4BA8-B527-75D1FACC77B2}
		{6A30B433-29EA-4FA0-91C8-A1F139D8B47E} = {3C92F969-7D3C-49D3-8610-A834F31A9534}
		{0E879825-D58C-43EB-97B3-C27EC96752F9} = {9CDD2996-9646-4AFB-87A1-07C76AD7F5E0}
		{03490AFE-CBFF-46E7-AECD-4DF7B3A92810} = {3C92F969-7D3C-49D3-8610-A834F31A9534}
		{2040CD11-E46E-466C-8FC7-7719C414ED47} = {3C92F969-7D3C-49D3-8610-A834F31A9534}
		{B4A22FD9-42E0-4E6B-9F5A-DCD707E33ACB} = {3C92F969-7D3C-49D3-8610-A834F31A9534}
		{F70A43FD-58F9-4C27-825F-E61B15BE3F69} = {3C92F969-7D3C-49D3-8610-A834F31A9534}
		{24937878-FC52-45D7-8AF9-D34DD2A71FEB} = {9CDD2996-9646-4AFB-87A1-07C76AD7F5E0}
		{A97EF4A8-958A-4EFB-8CB0-01DAE994B71E} = {A0A2B605-EDAB-4F47-A247-E7A9F29AFA0E}
		{6CCB2C28-F8C1-4AB5-91F5-9EFC0C6F8327} = {A0A2B605-EDAB-4F47-A247-E7A9F29AFA0E}
	EndGlobalSection
	GlobalSection(ExtensibilityGlobals) = postSolution
		SolutionGuid = {03B48D7A-D1FA-42B8-B4B5-E9BA9125FA87}
	EndGlobalSection
EndGlobal
